
Microsoft Visual Studio Solution File, Format Version 12.00
# Visual Studio 2013
VisualStudioVersion = 12.0.30501.0
MinimumVisualStudioVersion = 10.0.40219.1
Project("{1B19158F-E398-40A6-8E3B-350508E125F1}") = "brain.Shared", "brain.Shared\brain.Shared.dxjsproj", "{D9E6FB16-5CEA-451C-935A-7DC63C27A4DB}"
EndProject
Project("{1B19158F-E398-40A6-8E3B-350508E125F1}") = "brain.Mobile", "brain.Mobile\brain.Mobile.dxjsproj", "{C9FD0823-342F-42D5-B554-FBECD2B2BC2B}"
EndProject
Project("{2150E333-8FDC-42A3-9474-1A3956D46DE8}") = "Solution Items", "Solution Items", "{26E7D536-721A-415F-9A24-8B88348AA7C2}"
	ProjectSection(SolutionItems) = preProject
		README.txt = README.txt
	EndProjectSection
EndProject
Global
	GlobalSection(SolutionConfigurationPlatforms) = preSolution
		Debug|Any CPU = Debug|Any CPU
		Release|Any CPU = Release|Any CPU
	EndGlobalSection
	GlobalSection(ProjectConfigurationPlatforms) = postSolution
		{D9E6FB16-5CEA-451C-935A-7DC63C27A4DB}.Debug|Any CPU.ActiveCfg = Debug|Any CPU
		{D9E6FB16-5CEA-451C-935A-7DC63C27A4DB}.Debug|Any CPU.Build.0 = Debug|Any CPU
		{D9E6FB16-5CEA-451C-935A-7DC63C27A4DB}.Release|Any CPU.ActiveCfg = Release|Any CPU
		{D9E6FB16-5CEA-451C-935A-7DC63C27A4DB}.Release|Any CPU.Build.0 = Release|Any CPU
		{C9FD0823-342F-42D5-B554-FBECD2B2BC2B}.Debug|Any CPU.ActiveCfg = Debug|Any CPU
		{C9FD0823-342F-42D5-B554-FBECD2B2BC2B}.Debug|Any CPU.Build.0 = Debug|Any CPU
		{C9FD0823-342F-42D5-B554-FBECD2B2BC2B}.Release|Any CPU.ActiveCfg = Release|Any CPU
		{C9FD0823-342F-42D5-B554-FBECD2B2BC2B}.Release|Any CPU.Build.0 = Release|Any CPU
	EndGlobalSection
	GlobalSection(SolutionProperties) = preSolution
		HideSolutionNode = FALSE
	EndGlobalSection
EndGlobal
