
Microsoft Visual Studio Solution File, Format Version 12.00
# Visual Studio 2013
VisualStudioVersion = 12.0.30723.0
MinimumVisualStudioVersion = 10.0.40219.1
Project("{1B19158F-E398-40A6-8E3B-350508E125F1}") = "courage.Shared", "courage.Shared\courage.Shared.dxjsproj", "{3398454F-AA78-4562-B7AB-099DA0A622E3}"
EndProject
Project("{1B19158F-E398-40A6-8E3B-350508E125F1}") = "courage.Desktop", "courage.Desktop\courage.Desktop.dxjsproj", "{2EFFA48B-905E-4C23-BF91-ECFA7FBBABAD}"
EndProject
Project("{1B19158F-E398-40A6-8E3B-350508E125F1}") = "courage.Mobile", "courage.Mobile\courage.Mobile.dxjsproj", "{F8BA297A-8420-4B5C-9B2E-9439DDC54404}"
EndProject
Project("{262852C6-CD72-467D-83FE-5EEB1973A190}") = "courage.Win8", "courage.Win8\courage.Win8.jsproj", "{7121F5D5-DADD-4594-B265-60BD008D0D03}"
EndProject
Project("{FAE04EC0-301F-11D3-BF4B-00C04F79EFBC}") = "courage.Win8Phone", "courage.Win8Phone\courage.Win8Phone.csproj", "{8D47B9C1-2FA7-4AAF-BD70-BEEAE6DE2142}"
EndProject
Project("{2150E333-8FDC-42A3-9474-1A3956D46DE8}") = "Solution Items", "Solution Items", "{7A4900E2-0923-4657-BE31-472ED43B69C6}"
	ProjectSection(SolutionItems) = preProject
		README.txt = README.txt
	EndProjectSection
EndProject
Global
	GlobalSection(SolutionConfigurationPlatforms) = preSolution
		Debug|Any CPU = Debug|Any CPU
		Debug|ARM = Debug|ARM
		Debug|x64 = Debug|x64
		Debug|x86 = Debug|x86
		Release|Any CPU = Release|Any CPU
		Release|ARM = Release|ARM
		Release|x64 = Release|x64
		Release|x86 = Release|x86
	EndGlobalSection
	GlobalSection(ProjectConfigurationPlatforms) = postSolution
		{3398454F-AA78-4562-B7AB-099DA0A622E3}.Debug|Any CPU.ActiveCfg = Debug|Any CPU
		{3398454F-AA78-4562-B7AB-099DA0A622E3}.Debug|Any CPU.Build.0 = Debug|Any CPU
		{3398454F-AA78-4562-B7AB-099DA0A622E3}.Debug|ARM.ActiveCfg = Debug|Any CPU
		{3398454F-AA78-4562-B7AB-099DA0A622E3}.Debug|x64.ActiveCfg = Debug|Any CPU
		{3398454F-AA78-4562-B7AB-099DA0A622E3}.Debug|x86.ActiveCfg = Debug|Any CPU
		{3398454F-AA78-4562-B7AB-099DA0A622E3}.Release|Any CPU.ActiveCfg = Release|Any CPU
		{3398454F-AA78-4562-B7AB-099DA0A622E3}.Release|Any CPU.Build.0 = Release|Any CPU
		{3398454F-AA78-4562-B7AB-099DA0A622E3}.Release|ARM.ActiveCfg = Release|Any CPU
		{3398454F-AA78-4562-B7AB-099DA0A622E3}.Release|x64.ActiveCfg = Release|Any CPU
		{3398454F-AA78-4562-B7AB-099DA0A622E3}.Release|x86.ActiveCfg = Release|Any CPU
		{2EFFA48B-905E-4C23-BF91-ECFA7FBBABAD}.Debug|Any CPU.ActiveCfg = Debug|Any CPU
		{2EFFA48B-905E-4C23-BF91-ECFA7FBBABAD}.Debug|Any CPU.Build.0 = Debug|Any CPU
		{2EFFA48B-905E-4C23-BF91-ECFA7FBBABAD}.Debug|ARM.ActiveCfg = Debug|Any CPU
		{2EFFA48B-905E-4C23-BF91-ECFA7FBBABAD}.Debug|x64.ActiveCfg = Debug|Any CPU
		{2EFFA48B-905E-4C23-BF91-ECFA7FBBABAD}.Debug|x86.ActiveCfg = Debug|Any CPU
		{2EFFA48B-905E-4C23-BF91-ECFA7FBBABAD}.Release|Any CPU.ActiveCfg = Release|Any CPU
		{2EFFA48B-905E-4C23-BF91-ECFA7FBBABAD}.Release|Any CPU.Build.0 = Release|Any CPU
		{2EFFA48B-905E-4C23-BF91-ECFA7FBBABAD}.Release|ARM.ActiveCfg = Release|Any CPU
		{2EFFA48B-905E-4C23-BF91-ECFA7FBBABAD}.Release|x64.ActiveCfg = Release|Any CPU
		{2EFFA48B-905E-4C23-BF91-ECFA7FBBABAD}.Release|x86.ActiveCfg = Release|Any CPU
		{F8BA297A-8420-4B5C-9B2E-9439DDC54404}.Debug|Any CPU.ActiveCfg = Debug|Any CPU
		{F8BA297A-8420-4B5C-9B2E-9439DDC54404}.Debug|Any CPU.Build.0 = Debug|Any CPU
		{F8BA297A-8420-4B5C-9B2E-9439DDC54404}.Debug|ARM.ActiveCfg = Debug|Any CPU
		{F8BA297A-8420-4B5C-9B2E-9439DDC54404}.Debug|x64.ActiveCfg = Debug|Any CPU
		{F8BA297A-8420-4B5C-9B2E-9439DDC54404}.Debug|x86.ActiveCfg = Debug|Any CPU
		{F8BA297A-8420-4B5C-9B2E-9439DDC54404}.Release|Any CPU.ActiveCfg = Release|Any CPU
		{F8BA297A-8420-4B5C-9B2E-9439DDC54404}.Release|Any CPU.Build.0 = Release|Any CPU
		{F8BA297A-8420-4B5C-9B2E-9439DDC54404}.Release|ARM.ActiveCfg = Release|Any CPU
		{F8BA297A-8420-4B5C-9B2E-9439DDC54404}.Release|x64.ActiveCfg = Release|Any CPU
		{F8BA297A-8420-4B5C-9B2E-9439DDC54404}.Release|x86.ActiveCfg = Release|Any CPU
		{7121F5D5-DADD-4594-B265-60BD008D0D03}.Debug|Any CPU.ActiveCfg = Debug|Any CPU
		{7121F5D5-DADD-4594-B265-60BD008D0D03}.Debug|Any CPU.Build.0 = Debug|Any CPU
		{7121F5D5-DADD-4594-B265-60BD008D0D03}.Debug|Any CPU.Deploy.0 = Debug|Any CPU
		{7121F5D5-DADD-4594-B265-60BD008D0D03}.Debug|ARM.ActiveCfg = Debug|ARM
		{7121F5D5-DADD-4594-B265-60BD008D0D03}.Debug|ARM.Build.0 = Debug|ARM
		{7121F5D5-DADD-4594-B265-60BD008D0D03}.Debug|ARM.Deploy.0 = Debug|ARM
		{7121F5D5-DADD-4594-B265-60BD008D0D03}.Debug|x64.ActiveCfg = Debug|x64
		{7121F5D5-DADD-4594-B265-60BD008D0D03}.Debug|x64.Build.0 = Debug|x64
		{7121F5D5-DADD-4594-B265-60BD008D0D03}.Debug|x64.Deploy.0 = Debug|x64
		{7121F5D5-DADD-4594-B265-60BD008D0D03}.Debug|x86.ActiveCfg = Debug|x86
		{7121F5D5-DADD-4594-B265-60BD008D0D03}.Debug|x86.Build.0 = Debug|x86
		{7121F5D5-DADD-4594-B265-60BD008D0D03}.Debug|x86.Deploy.0 = Debug|x86
		{7121F5D5-DADD-4594-B265-60BD008D0D03}.Release|Any CPU.ActiveCfg = Release|Any CPU
		{7121F5D5-DADD-4594-B265-60BD008D0D03}.Release|Any CPU.Build.0 = Release|Any CPU
		{7121F5D5-DADD-4594-B265-60BD008D0D03}.Release|Any CPU.Deploy.0 = Release|Any CPU
		{7121F5D5-DADD-4594-B265-60BD008D0D03}.Release|ARM.ActiveCfg = Release|ARM
		{7121F5D5-DADD-4594-B265-60BD008D0D03}.Release|ARM.Build.0 = Release|ARM
		{7121F5D5-DADD-4594-B265-60BD008D0D03}.Release|ARM.Deploy.0 = Release|ARM
		{7121F5D5-DADD-4594-B265-60BD008D0D03}.Release|x64.ActiveCfg = Release|x64
		{7121F5D5-DADD-4594-B265-60BD008D0D03}.Release|x64.Build.0 = Release|x64
		{7121F5D5-DADD-4594-B265-60BD008D0D03}.Release|x64.Deploy.0 = Release|x64
		{7121F5D5-DADD-4594-B265-60BD008D0D03}.Release|x86.ActiveCfg = Release|x86
		{7121F5D5-DADD-4594-B265-60BD008D0D03}.Release|x86.Build.0 = Release|x86
		{7121F5D5-DADD-4594-B265-60BD008D0D03}.Release|x86.Deploy.0 = Release|x86
		{8D47B9C1-2FA7-4AAF-BD70-BEEAE6DE2142}.Debug|Any CPU.ActiveCfg = Debug|Any CPU
		{8D47B9C1-2FA7-4AAF-BD70-BEEAE6DE2142}.Debug|Any CPU.Build.0 = Debug|Any CPU
		{8D47B9C1-2FA7-4AAF-BD70-BEEAE6DE2142}.Debug|Any CPU.Deploy.0 = Debug|Any CPU
		{8D47B9C1-2FA7-4AAF-BD70-BEEAE6DE2142}.Debug|ARM.ActiveCfg = Debug|ARM
		{8D47B9C1-2FA7-4AAF-BD70-BEEAE6DE2142}.Debug|ARM.Build.0 = Debug|ARM
		{8D47B9C1-2FA7-4AAF-BD70-BEEAE6DE2142}.Debug|ARM.Deploy.0 = Debug|ARM
		{8D47B9C1-2FA7-4AAF-BD70-BEEAE6DE2142}.Debug|x64.ActiveCfg = Debug|Any CPU
		{8D47B9C1-2FA7-4AAF-BD70-BEEAE6DE2142}.Debug|x86.ActiveCfg = Debug|x86
		{8D47B9C1-2FA7-4AAF-BD70-BEEAE6DE2142}.Debug|x86.Build.0 = Debug|x86
		{8D47B9C1-2FA7-4AAF-BD70-BEEAE6DE2142}.Debug|x86.Deploy.0 = Debug|x86
		{8D47B9C1-2FA7-4AAF-BD70-BEEAE6DE2142}.Release|Any CPU.ActiveCfg = Release|Any CPU
		{8D47B9C1-2FA7-4AAF-BD70-BEEAE6DE2142}.Release|Any CPU.Build.0 = Release|Any CPU
		{8D47B9C1-2FA7-4AAF-BD70-BEEAE6DE2142}.Release|Any CPU.Deploy.0 = Release|Any CPU
		{8D47B9C1-2FA7-4AAF-BD70-BEEAE6DE2142}.Release|ARM.ActiveCfg = Release|ARM
		{8D47B9C1-2FA7-4AAF-BD70-BEEAE6DE2142}.Release|ARM.Build.0 = Release|ARM
		{8D47B9C1-2FA7-4AAF-BD70-BEEAE6DE2142}.Release|ARM.Deploy.0 = Release|ARM
		{8D47B9C1-2FA7-4AAF-BD70-BEEAE6DE2142}.Release|x64.ActiveCfg = Release|Any CPU
		{8D47B9C1-2FA7-4AAF-BD70-BEEAE6DE2142}.Release|x86.ActiveCfg = Release|x86
		{8D47B9C1-2FA7-4AAF-BD70-BEEAE6DE2142}.Release|x86.Build.0 = Release|x86
		{8D47B9C1-2FA7-4AAF-BD70-BEEAE6DE2142}.Release|x86.Deploy.0 = Release|x86
	EndGlobalSection
	GlobalSection(SolutionProperties) = preSolution
		HideSolutionNode = FALSE
	EndGlobalSection
EndGlobal
